
Microsoft Visual Studio Solution File, Format Version 12.00
# Visual Studio Version 17
VisualStudioVersion = 17.14.36203.30 d17.14
MinimumVisualStudioVersion = 10.0.40219.1
Project("{888888A0-9F3D-457C-B088-3A5042F75D52}") = "Cortet", "Cortet\Cortet.pyproj", "{DDF6D584-68CE-4DC4-B8D3-F7BC8F9FD417}"
EndProject
Global
	GlobalSection(SolutionConfigurationPlatforms) = preSolution
		Debug|Any CPU = Debug|Any CPU
		Release|Any CPU = Release|Any CPU
	EndGlobalSection
	GlobalSection(ProjectConfigurationPlatforms) = postSolution
		{DDF6D584-68CE-4DC4-B8D3-F7BC8F9FD417}.Debug|Any CPU.ActiveCfg = Debug|Any CPU
		{DDF6D584-68CE-4DC4-B8D3-F7BC8F9FD417}.Release|Any CPU.ActiveCfg = Release|Any CPU
	EndGlobalSection
	GlobalSection(SolutionProperties) = preSolution
		HideSolutionNode = FALSE
	EndGlobalSection
	GlobalSection(ExtensibilityGlobals) = postSolution
		SolutionGuid = {918CDBBC-519C-46A9-937E-2F338B6B26C5}
	EndGlobalSection
EndGlobal
