
Microsoft Visual Studio Solution File, Format Version 12.00
# Visual Studio Version 17
VisualStudioVersion = 17.14.36203.30 d17.14
MinimumVisualStudioVersion = 10.0.40219.1
Project("{888888A0-9F3D-457C-B088-3A5042F75D52}") = "blemish counter", "blemish counter\blemish counter.pyproj", "{84B9AFE8-DD83-4253-83C6-9A0FC740C35F}"
EndProject
Global
	GlobalSection(SolutionConfigurationPlatforms) = preSolution
		Debug|Any CPU = Debug|Any CPU
		Release|Any CPU = Release|Any CPU
	EndGlobalSection
	GlobalSection(ProjectConfigurationPlatforms) = postSolution
		{84B9AFE8-DD83-4253-83C6-9A0FC740C35F}.Debug|Any CPU.ActiveCfg = Debug|Any CPU
		{84B9AFE8-DD83-4253-83C6-9A0FC740C35F}.Release|Any CPU.ActiveCfg = Release|Any CPU
	EndGlobalSection
	GlobalSection(SolutionProperties) = preSolution
		HideSolutionNode = FALSE
	EndGlobalSection
	GlobalSection(ExtensibilityGlobals) = postSolution
		SolutionGuid = {D976E173-5188-41EF-9EB3-DC441C112927}
	EndGlobalSection
EndGlobal
