
Microsoft Visual Studio Solution File, Format Version 12.00
# Visual Studio Version 17
VisualStudioVersion = 17.14.36203.30 d17.14
MinimumVisualStudioVersion = 10.0.40219.1
Project("{888888A0-9F3D-457C-B088-3A5042F75D52}") = "Secret_Diary", "Secret_Diary\Secret_Diary.pyproj", "{7F331D8C-057C-4A3C-9BE7-F9A8BF7A2D34}"
EndProject
Global
	GlobalSection(SolutionConfigurationPlatforms) = preSolution
		Debug|Any CPU = Debug|Any CPU
		Release|Any CPU = Release|Any CPU
	EndGlobalSection
	GlobalSection(ProjectConfigurationPlatforms) = postSolution
		{7F331D8C-057C-4A3C-9BE7-F9A8BF7A2D34}.Debug|Any CPU.ActiveCfg = Debug|Any CPU
		{7F331D8C-057C-4A3C-9BE7-F9A8BF7A2D34}.Release|Any CPU.ActiveCfg = Release|Any CPU
	EndGlobalSection
	GlobalSection(SolutionProperties) = preSolution
		HideSolutionNode = FALSE
	EndGlobalSection
	GlobalSection(ExtensibilityGlobals) = postSolution
		SolutionGuid = {7F93AADE-8B43-41F1-9A1B-AFC3DB939BE0}
	EndGlobalSection
EndGlobal
