
Microsoft Visual Studio Solution File, Format Version 12.00
# Visual Studio Version 17
VisualStudioVersion = 17.14.36203.30 d17.14
MinimumVisualStudioVersion = 10.0.40219.1
Project("{888888A0-9F3D-457C-B088-3A5042F75D52}") = "QuizThingy", "QuizThingy\QuizThingy.pyproj", "{51718F30-72EB-45A1-A1D3-C04C13B421F3}"
EndProject
Global
	GlobalSection(SolutionConfigurationPlatforms) = preSolution
		Debug|Any CPU = Debug|Any CPU
		Release|Any CPU = Release|Any CPU
	EndGlobalSection
	GlobalSection(ProjectConfigurationPlatforms) = postSolution
		{51718F30-72EB-45A1-A1D3-C04C13B421F3}.Debug|Any CPU.ActiveCfg = Debug|Any CPU
		{51718F30-72EB-45A1-A1D3-C04C13B421F3}.Release|Any CPU.ActiveCfg = Release|Any CPU
	EndGlobalSection
	GlobalSection(SolutionProperties) = preSolution
		HideSolutionNode = FALSE
	EndGlobalSection
	GlobalSection(ExtensibilityGlobals) = postSolution
		SolutionGuid = {FF6C5322-DF3C-4E19-A309-D091F2056470}
	EndGlobalSection
EndGlobal
