
Microsoft Visual Studio Solution File, Format Version 12.00
# Visual Studio Version 17
VisualStudioVersion = 17.14.36203.30 d17.14
MinimumVisualStudioVersion = 10.0.40219.1
Project("{888888A0-9F3D-457C-B088-3A5042F75D52}") = "FastPass", "FastPass\FastPass.pyproj", "{A8C9AFAB-6D0C-414A-8348-0C384573F845}"
EndProject
Global
	GlobalSection(SolutionConfigurationPlatforms) = preSolution
		Debug|Any CPU = Debug|Any CPU
		Release|Any CPU = Release|Any CPU
	EndGlobalSection
	GlobalSection(ProjectConfigurationPlatforms) = postSolution
		{A8C9AFAB-6D0C-414A-8348-0C384573F845}.Debug|Any CPU.ActiveCfg = Debug|Any CPU
		{A8C9AFAB-6D0C-414A-8348-0C384573F845}.Release|Any CPU.ActiveCfg = Release|Any CPU
	EndGlobalSection
	GlobalSection(SolutionProperties) = preSolution
		HideSolutionNode = FALSE
	EndGlobalSection
	GlobalSection(ExtensibilityGlobals) = postSolution
		SolutionGuid = {DE58A348-B784-470B-80A3-A0494C4DA01A}
	EndGlobalSection
EndGlobal
