
Microsoft Visual Studio Solution File, Format Version 12.00
# Visual Studio Version 17
VisualStudioVersion = 17.14.36203.30 d17.14
MinimumVisualStudioVersion = 10.0.40219.1
Project("{888888A0-9F3D-457C-B088-3A5042F75D52}") = "AiGuidedProject", "AiGuidedProject\AiGuidedProject.pyproj", "{6A3B2B1F-F361-4699-A513-2D195DCE16A3}"
EndProject
Global
	GlobalSection(SolutionConfigurationPlatforms) = preSolution
		Debug|Any CPU = Debug|Any CPU
		Release|Any CPU = Release|Any CPU
	EndGlobalSection
	GlobalSection(ProjectConfigurationPlatforms) = postSolution
		{6A3B2B1F-F361-4699-A513-2D195DCE16A3}.Debug|Any CPU.ActiveCfg = Debug|Any CPU
		{6A3B2B1F-F361-4699-A513-2D195DCE16A3}.Release|Any CPU.ActiveCfg = Release|Any CPU
	EndGlobalSection
	GlobalSection(SolutionProperties) = preSolution
		HideSolutionNode = FALSE
	EndGlobalSection
	GlobalSection(ExtensibilityGlobals) = postSolution
		SolutionGuid = {2C9B5A85-AFFC-449C-A5FF-E4AD0F3B43A0}
	EndGlobalSection
EndGlobal
